
Microsoft Visual Studio Solution File, Format Version 12.00
# Visual Studio Version 16
VisualStudioVersion = 16.0.35130.168
MinimumVisualStudioVersion = 10.0.40219.1
Project("{FAE04EC0-301F-11D3-BF4B-00C04F79EFBC}") = "网络工具", "网络工具.csproj", "{42AB4E22-B7A2-4D91-ADC8-307717D25430}"
EndProject
Project("{2150E333-8FDC-42A3-9474-1A3956D46DE8}") = "Solution Items", "Solution Items", "{7F862521-0AD3-495E-890E-79FF37F112F4}"
	ProjectSection(SolutionItems) = preProject
		.editorconfig = .editorconfig
	EndProjectSection
EndProject
Global
	GlobalSection(SolutionConfigurationPlatforms) = preSolution
		Debug|Any CPU = Debug|Any CPU
		Release|Any CPU = Release|Any CPU
	EndGlobalSection
	GlobalSection(ProjectConfigurationPlatforms) = postSolution
		{42AB4E22-B7A2-4D91-ADC8-307717D25430}.Debug|Any CPU.ActiveCfg = Debug|Any CPU
		{42AB4E22-B7A2-4D91-ADC8-307717D25430}.Debug|Any CPU.Build.0 = Debug|Any CPU
		{42AB4E22-B7A2-4D91-ADC8-307717D25430}.Release|Any CPU.ActiveCfg = Release|Any CPU
		{42AB4E22-B7A2-4D91-ADC8-307717D25430}.Release|Any CPU.Build.0 = Release|Any CPU
	EndGlobalSection
	GlobalSection(SolutionProperties) = preSolution
		HideSolutionNode = FALSE
	EndGlobalSection
	GlobalSection(ExtensibilityGlobals) = postSolution
		SolutionGuid = {5A722BC1-AE9D-414E-A7B5-A7DFB1E165DE}
	EndGlobalSection
EndGlobal
